
Microsoft Visual Studio Solution File, Format Version 12.00
# Visual Studio Version 16
VisualStudioVersion = 16.0.29613.14
MinimumVisualStudioVersion = 10.0.40219.1
Project("{FAE04EC0-301F-11D3-BF4B-00C04F79EFBC}") = "ExpressionEditor", "ExpressionEditor.csproj", "{E999E97C-753B-4AEF-8C93-AF68CFE97D8F}"
EndProject
Global
	GlobalSection(SolutionConfigurationPlatforms) = preSolution
		Debug|Any CPU = Debug|Any CPU
		Release|Any CPU = Release|Any CPU
	EndGlobalSection
	GlobalSection(ProjectConfigurationPlatforms) = postSolution
		{E999E97C-753B-4AEF-8C93-AF68CFE97D8F}.Debug|Any CPU.ActiveCfg = Debug|Any CPU
		{E999E97C-753B-4AEF-8C93-AF68CFE97D8F}.Debug|Any CPU.Build.0 = Debug|Any CPU
		{E999E97C-753B-4AEF-8C93-AF68CFE97D8F}.Release|Any CPU.ActiveCfg = Release|Any CPU
		{E999E97C-753B-4AEF-8C93-AF68CFE97D8F}.Release|Any CPU.Build.0 = Release|Any CPU
	EndGlobalSection
	GlobalSection(SolutionProperties) = preSolution
		HideSolutionNode = FALSE
	EndGlobalSection
	GlobalSection(ExtensibilityGlobals) = postSolution
		SolutionGuid = {116E4D87-4C9B-4BCC-A1FD-3215A080E7A6}
	EndGlobalSection
EndGlobal
