
Microsoft Visual Studio Solution File, Format Version 12.00
# Visual Studio Version 16
VisualStudioVersion = 16.0.29613.14
MinimumVisualStudioVersion = 10.0.40219.1
Project("{FAE04EC0-301F-11D3-BF4B-00C04F79EFBC}") = "ExpressionEditor2", "ExpressionEditor2\ExpressionEditor2.csproj", "{C40C6DFF-F10B-4B32-8252-9F793AB53FB7}"
EndProject
Project("{FAE04EC0-301F-11D3-BF4B-00C04F79EFBC}") = "ExpressionEditor2.Server", "ExpressionEditor2.Server\ExpressionEditor2.Server.csproj", "{4461CA40-37D4-49C7-B908-CAEC38CCBE8A}"
EndProject
Global
	GlobalSection(SolutionConfigurationPlatforms) = preSolution
		Debug|Any CPU = Debug|Any CPU
		Release|Any CPU = Release|Any CPU
	EndGlobalSection
	GlobalSection(ProjectConfigurationPlatforms) = postSolution
		{C40C6DFF-F10B-4B32-8252-9F793AB53FB7}.Debug|Any CPU.ActiveCfg = Debug|Any CPU
		{C40C6DFF-F10B-4B32-8252-9F793AB53FB7}.Debug|Any CPU.Build.0 = Debug|Any CPU
		{C40C6DFF-F10B-4B32-8252-9F793AB53FB7}.Release|Any CPU.ActiveCfg = Release|Any CPU
		{C40C6DFF-F10B-4B32-8252-9F793AB53FB7}.Release|Any CPU.Build.0 = Release|Any CPU
		{4461CA40-37D4-49C7-B908-CAEC38CCBE8A}.Debug|Any CPU.ActiveCfg = Debug|Any CPU
		{4461CA40-37D4-49C7-B908-CAEC38CCBE8A}.Debug|Any CPU.Build.0 = Debug|Any CPU
		{4461CA40-37D4-49C7-B908-CAEC38CCBE8A}.Release|Any CPU.ActiveCfg = Release|Any CPU
		{4461CA40-37D4-49C7-B908-CAEC38CCBE8A}.Release|Any CPU.Build.0 = Release|Any CPU
	EndGlobalSection
	GlobalSection(SolutionProperties) = preSolution
		HideSolutionNode = FALSE
	EndGlobalSection
	GlobalSection(ExtensibilityGlobals) = postSolution
		SolutionGuid = {B432C94A-2245-4426-B524-BC1A7F0D2A15}
	EndGlobalSection
EndGlobal
